
Microsoft Visual Studio Solution File, Format Version 12.00
# Visual Studio 14
VisualStudioVersion = 14.0.25420.1
MinimumVisualStudioVersion = 10.0.40219.1
Project("{FAE04EC0-301F-11D3-BF4B-00C04F79EFBC}") = "Cake.UncUtils", "Cake.UncUtils\Cake.UncUtils.csproj", "{FA10631A-DD1F-4218-90DA-42F067D3347D}"
EndProject
Project("{FAE04EC0-301F-11D3-BF4B-00C04F79EFBC}") = "Cake.UncUtils.Test", "Cake.UncUtils.Test\Cake.UncUtils.Test.csproj", "{05018C6B-AAF1-4B16-8F63-E3D4982D26DD}"
EndProject
Global
	GlobalSection(SolutionConfigurationPlatforms) = preSolution
		Debug|Any CPU = Debug|Any CPU
		Release|Any CPU = Release|Any CPU
	EndGlobalSection
	GlobalSection(ProjectConfigurationPlatforms) = postSolution
		{FA10631A-DD1F-4218-90DA-42F067D3347D}.Debug|Any CPU.ActiveCfg = Debug|Any CPU
		{FA10631A-DD1F-4218-90DA-42F067D3347D}.Debug|Any CPU.Build.0 = Debug|Any CPU
		{FA10631A-DD1F-4218-90DA-42F067D3347D}.Release|Any CPU.ActiveCfg = Release|Any CPU
		{FA10631A-DD1F-4218-90DA-42F067D3347D}.Release|Any CPU.Build.0 = Release|Any CPU
		{05018C6B-AAF1-4B16-8F63-E3D4982D26DD}.Debug|Any CPU.ActiveCfg = Debug|Any CPU
		{05018C6B-AAF1-4B16-8F63-E3D4982D26DD}.Debug|Any CPU.Build.0 = Debug|Any CPU
		{05018C6B-AAF1-4B16-8F63-E3D4982D26DD}.Release|Any CPU.ActiveCfg = Release|Any CPU
		{05018C6B-AAF1-4B16-8F63-E3D4982D26DD}.Release|Any CPU.Build.0 = Release|Any CPU
	EndGlobalSection
	GlobalSection(SolutionProperties) = preSolution
		HideSolutionNode = FALSE
	EndGlobalSection
EndGlobal
